
Microsoft Visual Studio Solution File, Format Version 12.00
# Visual Studio Version 17
VisualStudioVersion = 17.4.33122.133
MinimumVisualStudioVersion = 10.0.40219.1
Project("{FAE04EC0-301F-11D3-BF4B-00C04F79EFBC}") = "Juan", "Juan.csproj", "{766CB4C2-68C4-4A41-A9FF-F314E7F7E932}"
EndProject
Global
	GlobalSection(SolutionConfigurationPlatforms) = preSolution
		Debug|Any CPU = Debug|Any CPU
		Release|Any CPU = Release|Any CPU
	EndGlobalSection
	GlobalSection(ProjectConfigurationPlatforms) = postSolution
		{766CB4C2-68C4-4A41-A9FF-F314E7F7E932}.Debug|Any CPU.ActiveCfg = Debug|Any CPU
		{766CB4C2-68C4-4A41-A9FF-F314E7F7E932}.Debug|Any CPU.Build.0 = Debug|Any CPU
		{766CB4C2-68C4-4A41-A9FF-F314E7F7E932}.Release|Any CPU.ActiveCfg = Release|Any CPU
		{766CB4C2-68C4-4A41-A9FF-F314E7F7E932}.Release|Any CPU.Build.0 = Release|Any CPU
	EndGlobalSection
	GlobalSection(SolutionProperties) = preSolution
		HideSolutionNode = FALSE
	EndGlobalSection
	GlobalSection(ExtensibilityGlobals) = postSolution
		SolutionGuid = {242BA15E-D075-4B10-A0E7-73820EB9CB69}
	EndGlobalSection
EndGlobal
